
Microsoft Visual Studio Solution File, Format Version 12.00
# Visual Studio 15
VisualStudioVersion = 15.0.27004.2010
MinimumVisualStudioVersion = 10.0.40219.1
Project("{FAE04EC0-301F-11D3-BF4B-00C04F79EFBC}") = "ppmi", "ppmi\ppmi.csproj", "{728083C4-056A-4862-BA8C-C8A80E7214F6}"
EndProject
Global
	GlobalSection(SolutionConfigurationPlatforms) = preSolution
		Debug|Any CPU = Debug|Any CPU
		Release|Any CPU = Release|Any CPU
	EndGlobalSection
	GlobalSection(ProjectConfigurationPlatforms) = postSolution
		{728083C4-056A-4862-BA8C-C8A80E7214F6}.Debug|Any CPU.ActiveCfg = Debug|Any CPU
		{728083C4-056A-4862-BA8C-C8A80E7214F6}.Debug|Any CPU.Build.0 = Debug|Any CPU
		{728083C4-056A-4862-BA8C-C8A80E7214F6}.Release|Any CPU.ActiveCfg = Release|Any CPU
		{728083C4-056A-4862-BA8C-C8A80E7214F6}.Release|Any CPU.Build.0 = Release|Any CPU
	EndGlobalSection
	GlobalSection(SolutionProperties) = preSolution
		HideSolutionNode = FALSE
	EndGlobalSection
	GlobalSection(ExtensibilityGlobals) = postSolution
		SolutionGuid = {D7CEFA69-5EC2-4241-9F39-CEBE0A4274F0}
	EndGlobalSection
EndGlobal
